// !$*UTF8*$!
{
	archiveVersion = 1;
	classes = {
	};
	objectVersion = 46;
	objects = {

/* Begin PBXBuildFile section */
		8F7D5CF01C5D3B060098A321 /* main.m in Sources */ = {isa = PBXBuildFile; fileRef = 8F7D5CEF1C5D3B060098A321 /* main.m */; };
		8F7D5CF31C5D3B060098A321 /* AppDelegate.m in Sources */ = {isa = PBXBuildFile; fileRef = 8F7D5CF21C5D3B060098A321 /* AppDelegate.m */; };
		8F7D5CF61C5D3B060098A321 /* ViewController.m in Sources */ = {isa = PBXBuildFile; fileRef = 8F7D5CF51C5D3B060098A321 /* ViewController.m */; };
		8F7D5CF91C5D3B060098A321 /* Main.storyboard in Resources */ = {isa = PBXBuildFile; fileRef = 8F7D5CF71C5D3B060098A321 /* Main.storyboard */; };
		8F7D5CFB1C5D3B060098A321 /* Assets.xcassets in Resources */ = {isa = PBXBuildFile; fileRef = 8F7D5CFA1C5D3B060098A321 /* Assets.xcassets */; };
		8F7D5CFE1C5D3B060098A321 /* LaunchScreen.storyboard in Resources */ = {isa = PBXBuildFile; fileRef = 8F7D5CFC1C5D3B060098A321 /* LaunchScreen.storyboard */; };
		8F7D5D081C5D3B500098A321 /* YZStripeWebViewController.m in Sources */ = {isa = PBXBuildFile; fileRef = 8F7D5D071C5D3B500098A321 /* YZStripeWebViewController.m */; };
		8F7D5D0C1C5D4B7C0098A321 /* YZStripeWebViewControllerUtils.m in Sources */ = {isa = PBXBuildFile; fileRef = 8F7D5D0B1C5D4B7C0098A321 /* YZStripeWebViewControllerUtils.m */; };
/* End PBXBuildFile section */

/* Begin PBXFileReference section */
		8F7D5CEB1C5D3B060098A321 /* YZStripeWebViewController.app */ = {isa = PBXFileReference; explicitFileType = wrapper.application; includeInIndex = 0; path = YZStripeWebViewController.app; sourceTree = BUILT_PRODUCTS_DIR; };
		8F7D5CEF1C5D3B060098A321 /* main.m */ = {isa = PBXFileReference; lastKnownFileType = sourcecode.c.objc; path = main.m; sourceTree = "<group>"; };
		8F7D5CF11C5D3B060098A321 /* AppDelegate.h */ = {isa = PBXFileReference; lastKnownFileType = sourcecode.c.h; path = AppDelegate.h; sourceTree = "<group>"; };
		8F7D5CF21C5D3B060098A321 /* AppDelegate.m */ = {isa = PBXFileReference; lastKnownFileType = sourcecode.c.objc; path = AppDelegate.m; sourceTree = "<group>"; };
		8F7D5CF41C5D3B060098A321 /* ViewController.h */ = {isa = PBXFileReference; lastKnownFileType = sourcecode.c.h; path = ViewController.h; sourceTree = "<group>"; };
		8F7D5CF51C5D3B060098A321 /* ViewController.m */ = {isa = PBXFileReference; lastKnownFileType = sourcecode.c.objc; path = ViewController.m; sourceTree = "<group>"; };
		8F7D5CF81C5D3B060098A321 /* Base */ = {isa = PBXFileReference; lastKnownFileType = file.storyboard; name = Base; path = Base.lproj/Main.storyboard; sourceTree = "<group>"; };
		8F7D5CFA1C5D3B060098A321 /* Assets.xcassets */ = {isa = PBXFileReference; lastKnownFileType = folder.assetcatalog; path = Assets.xcassets; sourceTree = "<group>"; };
		8F7D5CFD1C5D3B060098A321 /* Base */ = {isa = PBXFileReference; lastKnownFileType = file.storyboard; name = Base; path = Base.lproj/LaunchScreen.storyboard; sourceTree = "<group>"; };
		8F7D5CFF1C5D3B060098A321 /* Info.plist */ = {isa = PBXFileReference; lastKnownFileType = text.plist.xml; path = Info.plist; sourceTree = "<group>"; };
		8F7D5D061C5D3B500098A321 /* YZStripeWebViewController.h */ = {isa = PBXFileReference; fileEncoding = 4; lastKnownFileType = sourcecode.c.h; name = YZStripeWebViewController.h; path = Classes/YZStripeWebViewController.h; sourceTree = "<group>"; };
		8F7D5D071C5D3B500098A321 /* YZStripeWebViewController.m */ = {isa = PBXFileReference; fileEncoding = 4; lastKnownFileType = sourcecode.c.objc; name = YZStripeWebViewController.m; path = Classes/YZStripeWebViewController.m; sourceTree = "<group>"; };
		8F7D5D0A1C5D4B7C0098A321 /* YZStripeWebViewControllerUtils.h */ = {isa = PBXFileReference; fileEncoding = 4; lastKnownFileType = sourcecode.c.h; name = YZStripeWebViewControllerUtils.h; path = Classes/YZStripeWebViewControllerUtils.h; sourceTree = "<group>"; };
		8F7D5D0B1C5D4B7C0098A321 /* YZStripeWebViewControllerUtils.m */ = {isa = PBXFileReference; fileEncoding = 4; lastKnownFileType = sourcecode.c.objc; name = YZStripeWebViewControllerUtils.m; path = Classes/YZStripeWebViewControllerUtils.m; sourceTree = "<group>"; };
/* End PBXFileReference section */

/* Begin PBXFrameworksBuildPhase section */
		8F7D5CE81C5D3B060098A321 /* Frameworks */ = {
			isa = PBXFrameworksBuildPhase;
			buildActionMask = 2147483647;
			files = (
			);
			runOnlyForDeploymentPostprocessing = 0;
		};
/* End PBXFrameworksBuildPhase section */

/* Begin PBXGroup section */
		8F7D5CE21C5D3B060098A321 = {
			isa = PBXGroup;
			children = (
				8F7D5CED1C5D3B060098A321 /* YZStripeWebViewController */,
				8F7D5CEC1C5D3B060098A321 /* Products */,
			);
			sourceTree = "<group>";
		};
		8F7D5CEC1C5D3B060098A321 /* Products */ = {
			isa = PBXGroup;
			children = (
				8F7D5CEB1C5D3B060098A321 /* YZStripeWebViewController.app */,
			);
			name = Products;
			sourceTree = "<group>";
		};
		8F7D5CED1C5D3B060098A321 /* YZStripeWebViewController */ = {
			isa = PBXGroup;
			children = (
				8F7D5D051C5D3B120098A321 /* Classes */,
				8F7D5CF11C5D3B060098A321 /* AppDelegate.h */,
				8F7D5CF21C5D3B060098A321 /* AppDelegate.m */,
				8F7D5CF41C5D3B060098A321 /* ViewController.h */,
				8F7D5CF51C5D3B060098A321 /* ViewController.m */,
				8F7D5CF71C5D3B060098A321 /* Main.storyboard */,
				8F7D5CFA1C5D3B060098A321 /* Assets.xcassets */,
				8F7D5CFC1C5D3B060098A321 /* LaunchScreen.storyboard */,
				8F7D5CFF1C5D3B060098A321 /* Info.plist */,
				8F7D5CEE1C5D3B060098A321 /* Supporting Files */,
			);
			path = YZStripeWebViewController;
			sourceTree = "<group>";
		};
		8F7D5CEE1C5D3B060098A321 /* Supporting Files */ = {
			isa = PBXGroup;
			children = (
				8F7D5CEF1C5D3B060098A321 /* main.m */,
			);
			name = "Supporting Files";
			sourceTree = "<group>";
		};
		8F7D5D051C5D3B120098A321 /* Classes */ = {
			isa = PBXGroup;
			children = (
				8F7D5D061C5D3B500098A321 /* YZStripeWebViewController.h */,
				8F7D5D071C5D3B500098A321 /* YZStripeWebViewController.m */,
				8F7D5D0A1C5D4B7C0098A321 /* YZStripeWebViewControllerUtils.h */,
				8F7D5D0B1C5D4B7C0098A321 /* YZStripeWebViewControllerUtils.m */,
			);
			name = Classes;
			sourceTree = "<group>";
		};
/* End PBXGroup section */

/* Begin PBXNativeTarget section */
		8F7D5CEA1C5D3B060098A321 /* YZStripeWebViewController */ = {
			isa = PBXNativeTarget;
			buildConfigurationList = 8F7D5D021C5D3B060098A321 /* Build configuration list for PBXNativeTarget "YZStripeWebViewController" */;
			buildPhases = (
				8F7D5CE71C5D3B060098A321 /* Sources */,
				8F7D5CE81C5D3B060098A321 /* Frameworks */,
				8F7D5CE91C5D3B060098A321 /* Resources */,
			);
			buildRules = (
			);
			dependencies = (
			);
			name = YZStripeWebViewController;
			productName = YZStripeWebViewController;
			productReference = 8F7D5CEB1C5D3B060098A321 /* YZStripeWebViewController.app */;
			productType = "com.apple.product-type.application";
		};
/* End PBXNativeTarget section */

/* Begin PBXProject section */
		8F7D5CE31C5D3B060098A321 /* Project object */ = {
			isa = PBXProject;
			attributes = {
				LastUpgradeCheck = 0720;
				ORGANIZATIONNAME = "Yifei Zhou";
				TargetAttributes = {
					8F7D5CEA1C5D3B060098A321 = {
						CreatedOnToolsVersion = 7.2;
					};
				};
			};
			buildConfigurationList = 8F7D5CE61C5D3B060098A321 /* Build configuration list for PBXProject "YZStripeWebViewController" */;
			compatibilityVersion = "Xcode 3.2";
			developmentRegion = English;
			hasScannedForEncodings = 0;
			knownRegions = (
				en,
				Base,
			);
			mainGroup = 8F7D5CE21C5D3B060098A321;
			productRefGroup = 8F7D5CEC1C5D3B060098A321 /* Products */;
			projectDirPath = "";
			projectRoot = "";
			targets = (
				8F7D5CEA1C5D3B060098A321 /* YZStripeWebViewController */,
			);
		};
/* End PBXProject section */

/* Begin PBXResourcesBuildPhase section */
		8F7D5CE91C5D3B060098A321 /* Resources */ = {
			isa = PBXResourcesBuildPhase;
			buildActionMask = 2147483647;
			files = (
				8F7D5CFE1C5D3B060098A321 /* LaunchScreen.storyboard in Resources */,
				8F7D5CFB1C5D3B060098A321 /* Assets.xcassets in Resources */,
				8F7D5CF91C5D3B060098A321 /* Main.storyboard in Resources */,
			);
			runOnlyForDeploymentPostprocessing = 0;
		};
/* End PBXResourcesBuildPhase section */

/* Begin PBXSourcesBuildPhase section */
		8F7D5CE71C5D3B060098A321 /* Sources */ = {
			isa = PBXSourcesBuildPhase;
			buildActionMask = 2147483647;
			files = (
				8F7D5CF61C5D3B060098A321 /* ViewController.m in Sources */,
				8F7D5D0C1C5D4B7C0098A321 /* YZStripeWebViewControllerUtils.m in Sources */,
				8F7D5D081C5D3B500098A321 /* YZStripeWebViewController.m in Sources */,
				8F7D5CF31C5D3B060098A321 /* AppDelegate.m in Sources */,
				8F7D5CF01C5D3B060098A321 /* main.m in Sources */,
			);
			runOnlyForDeploymentPostprocessing = 0;
		};
/* End PBXSourcesBuildPhase section */

/* Begin PBXVariantGroup section */
		8F7D5CF71C5D3B060098A321 /* Main.storyboard */ = {
			isa = PBXVariantGroup;
			children = (
				8F7D5CF81C5D3B060098A321 /* Base */,
			);
			name = Main.storyboard;
			sourceTree = "<group>";
		};
		8F7D5CFC1C5D3B060098A321 /* LaunchScreen.storyboard */ = {
			isa = PBXVariantGroup;
			children = (
				8F7D5CFD1C5D3B060098A321 /* Base */,
			);
			name = LaunchScreen.storyboard;
			sourceTree = "<group>";
		};
/* End PBXVariantGroup section */

/* Begin XCBuildConfiguration section */
		8F7D5D001C5D3B060098A321 /* Debug */ = {
			isa = XCBuildConfiguration;
			buildSettings = {
				ALWAYS_SEARCH_USER_PATHS = NO;
				CLANG_CXX_LANGUAGE_STANDARD = "gnu++0x";
				CLANG_CXX_LIBRARY = "libc++";
				CLANG_ENABLE_MODULES = YES;
				CLANG_ENABLE_OBJC_ARC = YES;
				CLANG_WARN_BOOL_CONVERSION = YES;
				CLANG_WARN_CONSTANT_CONVERSION = YES;
				CLANG_WARN_DIRECT_OBJC_ISA_USAGE = YES_ERROR;
				CLANG_WARN_EMPTY_BODY = YES;
				CLANG_WARN_ENUM_CONVERSION = YES;
				CLANG_WARN_INT_CONVERSION = YES;
				CLANG_WARN_OBJC_ROOT_CLASS = YES_ERROR;
				CLANG_WARN_UNREACHABLE_CODE = YES;
				CLANG_WARN__DUPLICATE_METHOD_MATCH = YES;
				"CODE_SIGN_IDENTITY[sdk=iphoneos*]" = "iPhone Developer";
				COPY_PHASE_STRIP = NO;
				DEBUG_INFORMATION_FORMAT = dwarf;
				ENABLE_STRICT_OBJC_MSGSEND = YES;
				ENABLE_TESTABILITY = YES;
				GCC_C_LANGUAGE_STANDARD = gnu99;
				GCC_DYNAMIC_NO_PIC = NO;
				GCC_NO_COMMON_BLOCKS = YES;
				GCC_OPTIMIZATION_LEVEL = 0;
				GCC_PREPROCESSOR_DEFINITIONS = (
					"DEBUG=1",
					"$(inherited)",
				);
				GCC_WARN_64_TO_32_BIT_CONVERSION = YES;
				GCC_WARN_ABOUT_RETURN_TYPE = YES_ERROR;
				GCC_WARN_UNDECLARED_SELECTOR = YES;
				GCC_WARN_UNINITIALIZED_AUTOS = YES_AGGRESSIVE;
				GCC_WARN_UNUSED_FUNCTION = YES;
				GCC_WARN_UNUSED_VARIABLE = YES;
				IPHONEOS_DEPLOYMENT_TARGET = 9.2;
				MTL_ENABLE_DEBUG_INFO = YES;
				ONLY_ACTIVE_ARCH = YES;
				SDKROOT = iphoneos;
			};
			name = Debug;
		};
		8F7D5D011C5D3B060098A321 /* Release */ = {
			isa = XCBuildConfiguration;
			buildSettings = {
				ALWAYS_SEARCH_USER_PATHS = NO;
				CLANG_CXX_LANGUAGE_STANDARD = "gnu++0x";
				CLANG_CXX_LIBRARY = "libc++";
				CLANG_ENABLE_MODULES = YES;
				CLANG_ENABLE_OBJC_ARC = YES;
				CLANG_WARN_BOOL_CONVERSION = YES;
				CLANG_WARN_CONSTANT_CONVERSION = YES;
				CLANG_WARN_DIRECT_OBJC_ISA_USAGE = YES_ERROR;
				CLANG_WARN_EMPTY_BODY = YES;
				CLANG_WARN_ENUM_CONVERSION = YES;
				CLANG_WARN_INT_CONVERSION = YES;
				CLANG_WARN_OBJC_ROOT_CLASS = YES_ERROR;
				CLANG_WARN_UNREACHABLE_CODE = YES;
				CLANG_WARN__DUPLICATE_METHOD_MATCH = YES;
				"CODE_SIGN_IDENTITY[sdk=iphoneos*]" = "iPhone Developer";
				COPY_PHASE_STRIP = NO;
				DEBUG_INFORMATION_FORMAT = "dwarf-with-dsym";
				ENABLE_NS_ASSERTIONS = NO;
				ENABLE_STRICT_OBJC_MSGSEND = YES;
				GCC_C_LANGUAGE_STANDARD = gnu99;
				GCC_NO_COMMON_BLOCKS = YES;
				GCC_WARN_64_TO_32_BIT_CONVERSION = YES;
				GCC_WARN_ABOUT_RETURN_TYPE = YES_ERROR;
				GCC_WARN_UNDECLARED_SELECTOR = YES;
				GCC_WARN_UNINITIALIZED_AUTOS = YES_AGGRESSIVE;
				GCC_WARN_UNUSED_FUNCTION = YES;
				GCC_WARN_UNUSED_VARIABLE = YES;
				IPHONEOS_DEPLOYMENT_TARGET = 9.2;
				MTL_ENABLE_DEBUG_INFO = NO;
				SDKROOT = iphoneos;
				VALIDATE_PRODUCT = YES;
			};
			name = Release;
		};
		8F7D5D031C5D3B060098A321 /* Debug */ = {
			isa = XCBuildConfiguration;
			buildSettings = {
				ASSETCATALOG_COMPILER_APPICON_NAME = AppIcon;
				INFOPLIST_FILE = YZStripeWebViewController/Info.plist;
				LD_RUNPATH_SEARCH_PATHS = "$(inherited) @executable_path/Frameworks";
				PRODUCT_BUNDLE_IDENTIFIER = com.austinchou.YZStripeWebViewController;
				PRODUCT_NAME = "$(TARGET_NAME)";
			};
			name = Debug;
		};
		8F7D5D041C5D3B060098A321 /* Release */ = {
			isa = XCBuildConfiguration;
			buildSettings = {
				ASSETCATALOG_COMPILER_APPICON_NAME = AppIcon;
				INFOPLIST_FILE = YZStripeWebViewController/Info.plist;
				LD_RUNPATH_SEARCH_PATHS = "$(inherited) @executable_path/Frameworks";
				PRODUCT_BUNDLE_IDENTIFIER = com.austinchou.YZStripeWebViewController;
				PRODUCT_NAME = "$(TARGET_NAME)";
			};
			name = Release;
		};
/* End XCBuildConfiguration section */

/* Begin XCConfigurationList section */
		8F7D5CE61C5D3B060098A321 /* Build configuration list for PBXProject "YZStripeWebViewController" */ = {
			isa = XCConfigurationList;
			buildConfigurations = (
				8F7D5D001C5D3B060098A321 /* Debug */,
				8F7D5D011C5D3B060098A321 /* Release */,
			);
			defaultConfigurationIsVisible = 0;
			defaultConfigurationName = Release;
		};
		8F7D5D021C5D3B060098A321 /* Build configuration list for PBXNativeTarget "YZStripeWebViewController" */ = {
			isa = XCConfigurationList;
			buildConfigurations = (
				8F7D5D031C5D3B060098A321 /* Debug */,
				8F7D5D041C5D3B060098A321 /* Release */,
			);
			defaultConfigurationIsVisible = 0;
		};
/* End XCConfigurationList section */
	};
	rootObject = 8F7D5CE31C5D3B060098A321 /* Project object */;
}
